
Microsoft Visual Studio Solution File, Format Version 12.00
# Visual Studio Version 17
VisualStudioVersion = 17.3.32929.385
MinimumVisualStudioVersion = 10.0.40219.1
Project("{FAE04EC0-301F-11D3-BF4B-00C04F79EFBC}") = "ADN", "ADN\ADN.csproj", "{CEDF3756-0A01-4884-82BB-4DA7D990A0C1}"
EndProject
Global
	GlobalSection(SolutionConfigurationPlatforms) = preSolution
		Debug|Any CPU = Debug|Any CPU
		Release|Any CPU = Release|Any CPU
	EndGlobalSection
	GlobalSection(ProjectConfigurationPlatforms) = postSolution
		{CEDF3756-0A01-4884-82BB-4DA7D990A0C1}.Debug|Any CPU.ActiveCfg = Debug|Any CPU
		{CEDF3756-0A01-4884-82BB-4DA7D990A0C1}.Debug|Any CPU.Build.0 = Debug|Any CPU
		{CEDF3756-0A01-4884-82BB-4DA7D990A0C1}.Release|Any CPU.ActiveCfg = Release|Any CPU
		{CEDF3756-0A01-4884-82BB-4DA7D990A0C1}.Release|Any CPU.Build.0 = Release|Any CPU
	EndGlobalSection
	GlobalSection(SolutionProperties) = preSolution
		HideSolutionNode = FALSE
	EndGlobalSection
	GlobalSection(ExtensibilityGlobals) = postSolution
		SolutionGuid = {180C2049-4F65-4439-B28D-B8986D437F28}
	EndGlobalSection
EndGlobal
