
Microsoft Visual Studio Solution File, Format Version 12.00
# Visual Studio Version 17
VisualStudioVersion = 17.3.32901.215
MinimumVisualStudioVersion = 10.0.40219.1
Project("{FAE04EC0-301F-11D3-BF4B-00C04F79EFBC}") = "CalculoDiametro", "CalculoDiametro\CalculoDiametro.csproj", "{521F36C3-D044-411A-B1B5-E77B60E4257F}"
EndProject
Global
	GlobalSection(SolutionConfigurationPlatforms) = preSolution
		Debug|Any CPU = Debug|Any CPU
		Release|Any CPU = Release|Any CPU
	EndGlobalSection
	GlobalSection(ProjectConfigurationPlatforms) = postSolution
		{521F36C3-D044-411A-B1B5-E77B60E4257F}.Debug|Any CPU.ActiveCfg = Debug|Any CPU
		{521F36C3-D044-411A-B1B5-E77B60E4257F}.Debug|Any CPU.Build.0 = Debug|Any CPU
		{521F36C3-D044-411A-B1B5-E77B60E4257F}.Release|Any CPU.ActiveCfg = Release|Any CPU
		{521F36C3-D044-411A-B1B5-E77B60E4257F}.Release|Any CPU.Build.0 = Release|Any CPU
	EndGlobalSection
	GlobalSection(SolutionProperties) = preSolution
		HideSolutionNode = FALSE
	EndGlobalSection
	GlobalSection(ExtensibilityGlobals) = postSolution
		SolutionGuid = {3322A490-FFCA-4FCC-A1A9-6E87BF11C420}
	EndGlobalSection
EndGlobal
