
Microsoft Visual Studio Solution File, Format Version 12.00
# Visual Studio Version 17
VisualStudioVersion = 17.3.32901.215
MinimumVisualStudioVersion = 10.0.40219.1
Project("{FAE04EC0-301F-11D3-BF4B-00C04F79EFBC}") = "HoraAM_PM", "HoraAM_PM\HoraAM_PM.csproj", "{7343CA36-6393-405A-B7EE-CB386C6E4293}"
EndProject
Global
	GlobalSection(SolutionConfigurationPlatforms) = preSolution
		Debug|Any CPU = Debug|Any CPU
		Release|Any CPU = Release|Any CPU
	EndGlobalSection
	GlobalSection(ProjectConfigurationPlatforms) = postSolution
		{7343CA36-6393-405A-B7EE-CB386C6E4293}.Debug|Any CPU.ActiveCfg = Debug|Any CPU
		{7343CA36-6393-405A-B7EE-CB386C6E4293}.Debug|Any CPU.Build.0 = Debug|Any CPU
		{7343CA36-6393-405A-B7EE-CB386C6E4293}.Release|Any CPU.ActiveCfg = Release|Any CPU
		{7343CA36-6393-405A-B7EE-CB386C6E4293}.Release|Any CPU.Build.0 = Release|Any CPU
	EndGlobalSection
	GlobalSection(SolutionProperties) = preSolution
		HideSolutionNode = FALSE
	EndGlobalSection
	GlobalSection(ExtensibilityGlobals) = postSolution
		SolutionGuid = {47F68C00-137F-4052-BC3B-555EC8C87701}
	EndGlobalSection
EndGlobal
